// !$*UTF8*$!
{
	archiveVersion = 1;
	classes = {
	};
	objectVersion = 46;
	objects = {

/* Begin PBXBuildFile section */
		AD965D571B4F6DDE00708BC9 /* main.m in Sources */ = {isa = PBXBuildFile; fileRef = AD965D561B4F6DDE00708BC9 /* main.m */; };
		AD965D5A1B4F6DDE00708BC9 /* AppDelegate.m in Sources */ = {isa = PBXBuildFile; fileRef = AD965D591B4F6DDE00708BC9 /* AppDelegate.m */; };
		AD965D5D1B4F6DDE00708BC9 /* ViewController.m in Sources */ = {isa = PBXBuildFile; fileRef = AD965D5C1B4F6DDE00708BC9 /* ViewController.m */; };
		AD965D601B4F6DDE00708BC9 /* Main.storyboard in Resources */ = {isa = PBXBuildFile; fileRef = AD965D5E1B4F6DDE00708BC9 /* Main.storyboard */; };
		AD965D621B4F6DDE00708BC9 /* Images.xcassets in Resources */ = {isa = PBXBuildFile; fileRef = AD965D611B4F6DDE00708BC9 /* Images.xcassets */; };
		AD965D651B4F6DDE00708BC9 /* LaunchScreen.xib in Resources */ = {isa = PBXBuildFile; fileRef = AD965D631B4F6DDE00708BC9 /* LaunchScreen.xib */; };
		AD965D711B4F6DDE00708BC9 /* ios_ClockTests.m in Sources */ = {isa = PBXBuildFile; fileRef = AD965D701B4F6DDE00708BC9 /* ios_ClockTests.m */; };
/* End PBXBuildFile section */

/* Begin PBXContainerItemProxy section */
		AD965D6B1B4F6DDE00708BC9 /* PBXContainerItemProxy */ = {
			isa = PBXContainerItemProxy;
			containerPortal = AD965D491B4F6DDE00708BC9 /* Project object */;
			proxyType = 1;
			remoteGlobalIDString = AD965D501B4F6DDE00708BC9;
			remoteInfo = "ios-Clock";
		};
/* End PBXContainerItemProxy section */

/* Begin PBXFileReference section */
		AD965D511B4F6DDE00708BC9 /* ios-Clock.app */ = {isa = PBXFileReference; explicitFileType = wrapper.application; includeInIndex = 0; path = "ios-Clock.app"; sourceTree = BUILT_PRODUCTS_DIR; };
		AD965D551B4F6DDE00708BC9 /* Info.plist */ = {isa = PBXFileReference; lastKnownFileType = text.plist.xml; path = Info.plist; sourceTree = "<group>"; };
		AD965D561B4F6DDE00708BC9 /* main.m */ = {isa = PBXFileReference; lastKnownFileType = sourcecode.c.objc; path = main.m; sourceTree = "<group>"; };
		AD965D581B4F6DDE00708BC9 /* AppDelegate.h */ = {isa = PBXFileReference; lastKnownFileType = sourcecode.c.h; path = AppDelegate.h; sourceTree = "<group>"; };
		AD965D591B4F6DDE00708BC9 /* AppDelegate.m */ = {isa = PBXFileReference; lastKnownFileType = sourcecode.c.objc; path = AppDelegate.m; sourceTree = "<group>"; };
		AD965D5B1B4F6DDE00708BC9 /* ViewController.h */ = {isa = PBXFileReference; lastKnownFileType = sourcecode.c.h; path = ViewController.h; sourceTree = "<group>"; };
		AD965D5C1B4F6DDE00708BC9 /* ViewController.m */ = {isa = PBXFileReference; lastKnownFileType = sourcecode.c.objc; path = ViewController.m; sourceTree = "<group>"; };
		AD965D5F1B4F6DDE00708BC9 /* Base */ = {isa = PBXFileReference; lastKnownFileType = file.storyboard; name = Base; path = Base.lproj/Main.storyboard; sourceTree = "<group>"; };
		AD965D611B4F6DDE00708BC9 /* Images.xcassets */ = {isa = PBXFileReference; lastKnownFileType = folder.assetcatalog; path = Images.xcassets; sourceTree = "<group>"; };
		AD965D641B4F6DDE00708BC9 /* Base */ = {isa = PBXFileReference; lastKnownFileType = file.xib; name = Base; path = Base.lproj/LaunchScreen.xib; sourceTree = "<group>"; };
		AD965D6A1B4F6DDE00708BC9 /* ios-ClockTests.xctest */ = {isa = PBXFileReference; explicitFileType = wrapper.cfbundle; includeInIndex = 0; path = "ios-ClockTests.xctest"; sourceTree = BUILT_PRODUCTS_DIR; };
		AD965D6F1B4F6DDE00708BC9 /* Info.plist */ = {isa = PBXFileReference; lastKnownFileType = text.plist.xml; path = Info.plist; sourceTree = "<group>"; };
		AD965D701B4F6DDE00708BC9 /* ios_ClockTests.m */ = {isa = PBXFileReference; lastKnownFileType = sourcecode.c.objc; path = ios_ClockTests.m; sourceTree = "<group>"; };
/* End PBXFileReference section */

/* Begin PBXFrameworksBuildPhase section */
		AD965D4E1B4F6DDE00708BC9 /* Frameworks */ = {
			isa = PBXFrameworksBuildPhase;
			buildActionMask = 2147483647;
			files = (
			);
			runOnlyForDeploymentPostprocessing = 0;
		};
		AD965D671B4F6DDE00708BC9 /* Frameworks */ = {
			isa = PBXFrameworksBuildPhase;
			buildActionMask = 2147483647;
			files = (
			);
			runOnlyForDeploymentPostprocessing = 0;
		};
/* End PBXFrameworksBuildPhase section */

/* Begin PBXGroup section */
		AD965D481B4F6DDE00708BC9 = {
			isa = PBXGroup;
			children = (
				AD965D531B4F6DDE00708BC9 /* ios-Clock */,
				AD965D6D1B4F6DDE00708BC9 /* ios-ClockTests */,
				AD965D521B4F6DDE00708BC9 /* Products */,
			);
			sourceTree = "<group>";
		};
		AD965D521B4F6DDE00708BC9 /* Products */ = {
			isa = PBXGroup;
			children = (
				AD965D511B4F6DDE00708BC9 /* ios-Clock.app */,
				AD965D6A1B4F6DDE00708BC9 /* ios-ClockTests.xctest */,
			);
			name = Products;
			sourceTree = "<group>";
		};
		AD965D531B4F6DDE00708BC9 /* ios-Clock */ = {
			isa = PBXGroup;
			children = (
				AD965D581B4F6DDE00708BC9 /* AppDelegate.h */,
				AD965D591B4F6DDE00708BC9 /* AppDelegate.m */,
				AD965D5B1B4F6DDE00708BC9 /* ViewController.h */,
				AD965D5C1B4F6DDE00708BC9 /* ViewController.m */,
				AD965D5E1B4F6DDE00708BC9 /* Main.storyboard */,
				AD965D611B4F6DDE00708BC9 /* Images.xcassets */,
				AD965D631B4F6DDE00708BC9 /* LaunchScreen.xib */,
				AD965D541B4F6DDE00708BC9 /* Supporting Files */,
			);
			path = "ios-Clock";
			sourceTree = "<group>";
		};
		AD965D541B4F6DDE00708BC9 /* Supporting Files */ = {
			isa = PBXGroup;
			children = (
				AD965D551B4F6DDE00708BC9 /* Info.plist */,
				AD965D561B4F6DDE00708BC9 /* main.m */,
			);
			name = "Supporting Files";
			sourceTree = "<group>";
		};
		AD965D6D1B4F6DDE00708BC9 /* ios-ClockTests */ = {
			isa = PBXGroup;
			children = (
				AD965D701B4F6DDE00708BC9 /* ios_ClockTests.m */,
				AD965D6E1B4F6DDE00708BC9 /* Supporting Files */,
			);
			path = "ios-ClockTests";
			sourceTree = "<group>";
		};
		AD965D6E1B4F6DDE00708BC9 /* Supporting Files */ = {
			isa = PBXGroup;
			children = (
				AD965D6F1B4F6DDE00708BC9 /* Info.plist */,
			);
			name = "Supporting Files";
			sourceTree = "<group>";
		};
/* End PBXGroup section */

/* Begin PBXNativeTarget section */
		AD965D501B4F6DDE00708BC9 /* ios-Clock */ = {
			isa = PBXNativeTarget;
			buildConfigurationList = AD965D741B4F6DDE00708BC9 /* Build configuration list for PBXNativeTarget "ios-Clock" */;
			buildPhases = (
				AD965D4D1B4F6DDE00708BC9 /* Sources */,
				AD965D4E1B4F6DDE00708BC9 /* Frameworks */,
				AD965D4F1B4F6DDE00708BC9 /* Resources */,
			);
			buildRules = (
			);
			dependencies = (
			);
			name = "ios-Clock";
			productName = "ios-Clock";
			productReference = AD965D511B4F6DDE00708BC9 /* ios-Clock.app */;
			productType = "com.apple.product-type.application";
		};
		AD965D691B4F6DDE00708BC9 /* ios-ClockTests */ = {
			isa = PBXNativeTarget;
			buildConfigurationList = AD965D771B4F6DDE00708BC9 /* Build configuration list for PBXNativeTarget "ios-ClockTests" */;
			buildPhases = (
				AD965D661B4F6DDE00708BC9 /* Sources */,
				AD965D671B4F6DDE00708BC9 /* Frameworks */,
				AD965D681B4F6DDE00708BC9 /* Resources */,
			);
			buildRules = (
			);
			dependencies = (
				AD965D6C1B4F6DDE00708BC9 /* PBXTargetDependency */,
			);
			name = "ios-ClockTests";
			productName = "ios-ClockTests";
			productReference = AD965D6A1B4F6DDE00708BC9 /* ios-ClockTests.xctest */;
			productType = "com.apple.product-type.bundle.unit-test";
		};
/* End PBXNativeTarget section */

/* Begin PBXProject section */
		AD965D491B4F6DDE00708BC9 /* Project object */ = {
			isa = PBXProject;
			attributes = {
				LastUpgradeCheck = 0620;
				ORGANIZATIONNAME = "Carter Chang";
				TargetAttributes = {
					AD965D501B4F6DDE00708BC9 = {
						CreatedOnToolsVersion = 6.2;
					};
					AD965D691B4F6DDE00708BC9 = {
						CreatedOnToolsVersion = 6.2;
						TestTargetID = AD965D501B4F6DDE00708BC9;
					};
				};
			};
			buildConfigurationList = AD965D4C1B4F6DDE00708BC9 /* Build configuration list for PBXProject "ios-Clock" */;
			compatibilityVersion = "Xcode 3.2";
			developmentRegion = English;
			hasScannedForEncodings = 0;
			knownRegions = (
				en,
				Base,
			);
			mainGroup = AD965D481B4F6DDE00708BC9;
			productRefGroup = AD965D521B4F6DDE00708BC9 /* Products */;
			projectDirPath = "";
			projectRoot = "";
			targets = (
				AD965D501B4F6DDE00708BC9 /* ios-Clock */,
				AD965D691B4F6DDE00708BC9 /* ios-ClockTests */,
			);
		};
/* End PBXProject section */

/* Begin PBXResourcesBuildPhase section */
		AD965D4F1B4F6DDE00708BC9 /* Resources */ = {
			isa = PBXResourcesBuildPhase;
			buildActionMask = 2147483647;
			files = (
				AD965D601B4F6DDE00708BC9 /* Main.storyboard in Resources */,
				AD965D651B4F6DDE00708BC9 /* LaunchScreen.xib in Resources */,
				AD965D621B4F6DDE00708BC9 /* Images.xcassets in Resources */,
			);
			runOnlyForDeploymentPostprocessing = 0;
		};
		AD965D681B4F6DDE00708BC9 /* Resources */ = {
			isa = PBXResourcesBuildPhase;
			buildActionMask = 2147483647;
			files = (
			);
			runOnlyForDeploymentPostprocessing = 0;
		};
/* End PBXResourcesBuildPhase section */

/* Begin PBXSourcesBuildPhase section */
		AD965D4D1B4F6DDE00708BC9 /* Sources */ = {
			isa = PBXSourcesBuildPhase;
			buildActionMask = 2147483647;
			files = (
				AD965D5D1B4F6DDE00708BC9 /* ViewController.m in Sources */,
				AD965D5A1B4F6DDE00708BC9 /* AppDelegate.m in Sources */,
				AD965D571B4F6DDE00708BC9 /* main.m in Sources */,
			);
			runOnlyForDeploymentPostprocessing = 0;
		};
		AD965D661B4F6DDE00708BC9 /* Sources */ = {
			isa = PBXSourcesBuildPhase;
			buildActionMask = 2147483647;
			files = (
				AD965D711B4F6DDE00708BC9 /* ios_ClockTests.m in Sources */,
			);
			runOnlyForDeploymentPostprocessing = 0;
		};
/* End PBXSourcesBuildPhase section */

/* Begin PBXTargetDependency section */
		AD965D6C1B4F6DDE00708BC9 /* PBXTargetDependency */ = {
			isa = PBXTargetDependency;
			target = AD965D501B4F6DDE00708BC9 /* ios-Clock */;
			targetProxy = AD965D6B1B4F6DDE00708BC9 /* PBXContainerItemProxy */;
		};
/* End PBXTargetDependency section */

/* Begin PBXVariantGroup section */
		AD965D5E1B4F6DDE00708BC9 /* Main.storyboard */ = {
			isa = PBXVariantGroup;
			children = (
				AD965D5F1B4F6DDE00708BC9 /* Base */,
			);
			name = Main.storyboard;
			sourceTree = "<group>";
		};
		AD965D631B4F6DDE00708BC9 /* LaunchScreen.xib */ = {
			isa = PBXVariantGroup;
			children = (
				AD965D641B4F6DDE00708BC9 /* Base */,
			);
			name = LaunchScreen.xib;
			sourceTree = "<group>";
		};
/* End PBXVariantGroup section */

/* Begin XCBuildConfiguration section */
		AD965D721B4F6DDE00708BC9 /* Debug */ = {
			isa = XCBuildConfiguration;
			buildSettings = {
				ALWAYS_SEARCH_USER_PATHS = NO;
				CLANG_CXX_LANGUAGE_STANDARD = "gnu++0x";
				CLANG_CXX_LIBRARY = "libc++";
				CLANG_ENABLE_MODULES = YES;
				CLANG_ENABLE_OBJC_ARC = YES;
				CLANG_WARN_BOOL_CONVERSION = YES;
				CLANG_WARN_CONSTANT_CONVERSION = YES;
				CLANG_WARN_DIRECT_OBJC_ISA_USAGE = YES_ERROR;
				CLANG_WARN_EMPTY_BODY = YES;
				CLANG_WARN_ENUM_CONVERSION = YES;
				CLANG_WARN_INT_CONVERSION = YES;
				CLANG_WARN_OBJC_ROOT_CLASS = YES_ERROR;
				CLANG_WARN_UNREACHABLE_CODE = YES;
				CLANG_WARN__DUPLICATE_METHOD_MATCH = YES;
				"CODE_SIGN_IDENTITY[sdk=iphoneos*]" = "iPhone Developer";
				COPY_PHASE_STRIP = NO;
				ENABLE_STRICT_OBJC_MSGSEND = YES;
				GCC_C_LANGUAGE_STANDARD = gnu99;
				GCC_DYNAMIC_NO_PIC = NO;
				GCC_OPTIMIZATION_LEVEL = 0;
				GCC_PREPROCESSOR_DEFINITIONS = (
					"DEBUG=1",
					"$(inherited)",
				);
				GCC_SYMBOLS_PRIVATE_EXTERN = NO;
				GCC_WARN_64_TO_32_BIT_CONVERSION = YES;
				GCC_WARN_ABOUT_RETURN_TYPE = YES_ERROR;
				GCC_WARN_UNDECLARED_SELECTOR = YES;
				GCC_WARN_UNINITIALIZED_AUTOS = YES_AGGRESSIVE;
				GCC_WARN_UNUSED_FUNCTION = YES;
				GCC_WARN_UNUSED_VARIABLE = YES;
				IPHONEOS_DEPLOYMENT_TARGET = 8.2;
				MTL_ENABLE_DEBUG_INFO = YES;
				ONLY_ACTIVE_ARCH = YES;
				SDKROOT = iphoneos;
			};
			name = Debug;
		};
		AD965D731B4F6DDE00708BC9 /* Release */ = {
			isa = XCBuildConfiguration;
			buildSettings = {
				ALWAYS_SEARCH_USER_PATHS = NO;
				CLANG_CXX_LANGUAGE_STANDARD = "gnu++0x";
				CLANG_CXX_LIBRARY = "libc++";
				CLANG_ENABLE_MODULES = YES;
				CLANG_ENABLE_OBJC_ARC = YES;
				CLANG_WARN_BOOL_CONVERSION = YES;
				CLANG_WARN_CONSTANT_CONVERSION = YES;
				CLANG_WARN_DIRECT_OBJC_ISA_USAGE = YES_ERROR;
				CLANG_WARN_EMPTY_BODY = YES;
				CLANG_WARN_ENUM_CONVERSION = YES;
				CLANG_WARN_INT_CONVERSION = YES;
				CLANG_WARN_OBJC_ROOT_CLASS = YES_ERROR;
				CLANG_WARN_UNREACHABLE_CODE = YES;
				CLANG_WARN__DUPLICATE_METHOD_MATCH = YES;
				"CODE_SIGN_IDENTITY[sdk=iphoneos*]" = "iPhone Developer";
				COPY_PHASE_STRIP = NO;
				ENABLE_NS_ASSERTIONS = NO;
				ENABLE_STRICT_OBJC_MSGSEND = YES;
				GCC_C_LANGUAGE_STANDARD = gnu99;
				GCC_WARN_64_TO_32_BIT_CONVERSION = YES;
				GCC_WARN_ABOUT_RETURN_TYPE = YES_ERROR;
				GCC_WARN_UNDECLARED_SELECTOR = YES;
				GCC_WARN_UNINITIALIZED_AUTOS = YES_AGGRESSIVE;
				GCC_WARN_UNUSED_FUNCTION = YES;
				GCC_WARN_UNUSED_VARIABLE = YES;
				IPHONEOS_DEPLOYMENT_TARGET = 8.2;
				MTL_ENABLE_DEBUG_INFO = NO;
				SDKROOT = iphoneos;
				VALIDATE_PRODUCT = YES;
			};
			name = Release;
		};
		AD965D751B4F6DDE00708BC9 /* Debug */ = {
			isa = XCBuildConfiguration;
			buildSettings = {
				ASSETCATALOG_COMPILER_APPICON_NAME = AppIcon;
				INFOPLIST_FILE = "ios-Clock/Info.plist";
				LD_RUNPATH_SEARCH_PATHS = "$(inherited) @executable_path/Frameworks";
				PRODUCT_NAME = "$(TARGET_NAME)";
			};
			name = Debug;
		};
		AD965D761B4F6DDE00708BC9 /* Release */ = {
			isa = XCBuildConfiguration;
			buildSettings = {
				ASSETCATALOG_COMPILER_APPICON_NAME = AppIcon;
				INFOPLIST_FILE = "ios-Clock/Info.plist";
				LD_RUNPATH_SEARCH_PATHS = "$(inherited) @executable_path/Frameworks";
				PRODUCT_NAME = "$(TARGET_NAME)";
			};
			name = Release;
		};
		AD965D781B4F6DDE00708BC9 /* Debug */ = {
			isa = XCBuildConfiguration;
			buildSettings = {
				BUNDLE_LOADER = "$(TEST_HOST)";
				FRAMEWORK_SEARCH_PATHS = (
					"$(SDKROOT)/Developer/Library/Frameworks",
					"$(inherited)",
				);
				GCC_PREPROCESSOR_DEFINITIONS = (
					"DEBUG=1",
					"$(inherited)",
				);
				INFOPLIST_FILE = "ios-ClockTests/Info.plist";
				LD_RUNPATH_SEARCH_PATHS = "$(inherited) @executable_path/Frameworks @loader_path/Frameworks";
				PRODUCT_NAME = "$(TARGET_NAME)";
				TEST_HOST = "$(BUILT_PRODUCTS_DIR)/ios-Clock.app/ios-Clock";
			};
			name = Debug;
		};
		AD965D791B4F6DDE00708BC9 /* Release */ = {
			isa = XCBuildConfiguration;
			buildSettings = {
				BUNDLE_LOADER = "$(TEST_HOST)";
				FRAMEWORK_SEARCH_PATHS = (
					"$(SDKROOT)/Developer/Library/Frameworks",
					"$(inherited)",
				);
				INFOPLIST_FILE = "ios-ClockTests/Info.plist";
				LD_RUNPATH_SEARCH_PATHS = "$(inherited) @executable_path/Frameworks @loader_path/Frameworks";
				PRODUCT_NAME = "$(TARGET_NAME)";
				TEST_HOST = "$(BUILT_PRODUCTS_DIR)/ios-Clock.app/ios-Clock";
			};
			name = Release;
		};
/* End XCBuildConfiguration section */

/* Begin XCConfigurationList section */
		AD965D4C1B4F6DDE00708BC9 /* Build configuration list for PBXProject "ios-Clock" */ = {
			isa = XCConfigurationList;
			buildConfigurations = (
				AD965D721B4F6DDE00708BC9 /* Debug */,
				AD965D731B4F6DDE00708BC9 /* Release */,
			);
			defaultConfigurationIsVisible = 0;
			defaultConfigurationName = Release;
		};
		AD965D741B4F6DDE00708BC9 /* Build configuration list for PBXNativeTarget "ios-Clock" */ = {
			isa = XCConfigurationList;
			buildConfigurations = (
				AD965D751B4F6DDE00708BC9 /* Debug */,
				AD965D761B4F6DDE00708BC9 /* Release */,
			);
			defaultConfigurationIsVisible = 0;
		};
		AD965D771B4F6DDE00708BC9 /* Build configuration list for PBXNativeTarget "ios-ClockTests" */ = {
			isa = XCConfigurationList;
			buildConfigurations = (
				AD965D781B4F6DDE00708BC9 /* Debug */,
				AD965D791B4F6DDE00708BC9 /* Release */,
			);
			defaultConfigurationIsVisible = 0;
		};
/* End XCConfigurationList section */
	};
	rootObject = AD965D491B4F6DDE00708BC9 /* Project object */;
}
